
Microsoft Visual Studio Solution File, Format Version 12.00
# Visual Studio 15
VisualStudioVersion = 15.0.27428.2015
MinimumVisualStudioVersion = 10.0.40219.1
Project("{888888A0-9F3D-457C-B088-3A5042F75D52}") = "FIEK-UDP-Server", "FIEK-UDP-Server\FIEK-UDP-Server.pyproj", "{4F94986E-2042-4548-A049-E7164A1E1069}"
EndProject
Global
	GlobalSection(SolutionConfigurationPlatforms) = preSolution
		Debug|Any CPU = Debug|Any CPU
		Release|Any CPU = Release|Any CPU
	EndGlobalSection
	GlobalSection(ProjectConfigurationPlatforms) = postSolution
		{4F94986E-2042-4548-A049-E7164A1E1069}.Debug|Any CPU.ActiveCfg = Debug|Any CPU
		{4F94986E-2042-4548-A049-E7164A1E1069}.Release|Any CPU.ActiveCfg = Release|Any CPU
	EndGlobalSection
	GlobalSection(SolutionProperties) = preSolution
		HideSolutionNode = FALSE
	EndGlobalSection
	GlobalSection(ExtensibilityGlobals) = postSolution
		SolutionGuid = {BEC1E840-270F-4163-99C9-24B05C256E9A}
	EndGlobalSection
EndGlobal
